
Microsoft Visual Studio Solution File, Format Version 12.00
# Visual Studio 15
VisualStudioVersion = 15.0.28307.1500
MinimumVisualStudioVersion = 10.0.40219.1
Project("{FAE04EC0-301F-11D3-BF4B-00C04F79EFBC}") = "Aliquis.ReportSender", "Aliquis.ReportSender\Aliquis.ReportSender.csproj", "{14245856-0387-45E3-9BDD-ABD6DD6EF827}"
EndProject
Global
	GlobalSection(SolutionConfigurationPlatforms) = preSolution
		Debug|Any CPU = Debug|Any CPU
		Release|Any CPU = Release|Any CPU
	EndGlobalSection
	GlobalSection(ProjectConfigurationPlatforms) = postSolution
		{14245856-0387-45E3-9BDD-ABD6DD6EF827}.Debug|Any CPU.ActiveCfg = Debug|Any CPU
		{14245856-0387-45E3-9BDD-ABD6DD6EF827}.Debug|Any CPU.Build.0 = Debug|Any CPU
		{14245856-0387-45E3-9BDD-ABD6DD6EF827}.Release|Any CPU.ActiveCfg = Release|Any CPU
		{14245856-0387-45E3-9BDD-ABD6DD6EF827}.Release|Any CPU.Build.0 = Release|Any CPU
	EndGlobalSection
	GlobalSection(SolutionProperties) = preSolution
		HideSolutionNode = FALSE
	EndGlobalSection
	GlobalSection(ExtensibilityGlobals) = postSolution
		SolutionGuid = {84E27D95-138E-4EB1-86C5-C3DE75E6D381}
	EndGlobalSection
EndGlobal
